
Microsoft Visual Studio Solution File, Format Version 11.00
# Visual Studio 2010
Project("{FAE04EC0-301F-11D3-BF4B-00C04F79EFBC}") = "ILRuntime", "ILRuntime.csproj", "{B807010A-BBB6-A779-00F5-796EB86F3475}"
EndProject
Project("{FAE04EC0-301F-11D3-BF4B-00C04F79EFBC}") = "Assembly-CSharp", "Assembly-CSharp.csproj", "{D3BAE46F-63B1-D6CB-4245-8BDAFD77B727}"
EndProject
Project("{FAE04EC0-301F-11D3-BF4B-00C04F79EFBC}") = "Assembly-CSharp-Editor", "Assembly-CSharp-Editor.csproj", "{72BC621B-FB41-8DA3-3CEB-313FE0A247EC}"
EndProject
Global
	GlobalSection(SolutionConfigurationPlatforms) = preSolution
		Debug|Any CPU = Debug|Any CPU
		Release|Any CPU = Release|Any CPU
	EndGlobalSection
	GlobalSection(ProjectConfigurationPlatforms) = postSolution
		{B807010A-BBB6-A779-00F5-796EB86F3475}.Debug|Any CPU.ActiveCfg = Debug|Any CPU
		{B807010A-BBB6-A779-00F5-796EB86F3475}.Debug|Any CPU.Build.0 = Debug|Any CPU
		{B807010A-BBB6-A779-00F5-796EB86F3475}.Release|Any CPU.ActiveCfg = Release|Any CPU
		{B807010A-BBB6-A779-00F5-796EB86F3475}.Release|Any CPU.Build.0 = Release|Any CPU
		{D3BAE46F-63B1-D6CB-4245-8BDAFD77B727}.Debug|Any CPU.ActiveCfg = Debug|Any CPU
		{D3BAE46F-63B1-D6CB-4245-8BDAFD77B727}.Debug|Any CPU.Build.0 = Debug|Any CPU
		{D3BAE46F-63B1-D6CB-4245-8BDAFD77B727}.Release|Any CPU.ActiveCfg = Release|Any CPU
		{D3BAE46F-63B1-D6CB-4245-8BDAFD77B727}.Release|Any CPU.Build.0 = Release|Any CPU
		{72BC621B-FB41-8DA3-3CEB-313FE0A247EC}.Debug|Any CPU.ActiveCfg = Debug|Any CPU
		{72BC621B-FB41-8DA3-3CEB-313FE0A247EC}.Debug|Any CPU.Build.0 = Debug|Any CPU
		{72BC621B-FB41-8DA3-3CEB-313FE0A247EC}.Release|Any CPU.ActiveCfg = Release|Any CPU
		{72BC621B-FB41-8DA3-3CEB-313FE0A247EC}.Release|Any CPU.Build.0 = Release|Any CPU
	EndGlobalSection
	GlobalSection(SolutionProperties) = preSolution
		HideSolutionNode = FALSE
	EndGlobalSection
EndGlobal
