
Microsoft Visual Studio Solution File, Format Version 11.00
# Visual Studio 2010
Project("{FAE04EC0-301F-11D3-BF4B-00C04F79EFBC}") = "ILRuntime", "ILRuntime.csproj", "{F1E17271-F70D-AFF3-9A96-BDA7C5E0B2DE}"
EndProject
Project("{FAE04EC0-301F-11D3-BF4B-00C04F79EFBC}") = "Assembly-CSharp", "Assembly-CSharp.csproj", "{5B580621-09B4-68CB-B5F4-5B9DD210A60F}"
EndProject
Project("{FAE04EC0-301F-11D3-BF4B-00C04F79EFBC}") = "Malee.ReorderableList", "Malee.ReorderableList.csproj", "{DB3FC58F-DE4E-80D8-0FA1-09C24A0DE399}"
EndProject
Project("{FAE04EC0-301F-11D3-BF4B-00C04F79EFBC}") = "Malee.ReorderableList.Editor", "Malee.ReorderableList.Editor.csproj", "{46FB31FC-4910-BF53-61B4-0603ED3140EB}"
EndProject
Project("{FAE04EC0-301F-11D3-BF4B-00C04F79EFBC}") = "Assembly-CSharp-Editor", "Assembly-CSharp-Editor.csproj", "{3CC9D2C0-C461-07D9-EDF3-4FFB4DE5C299}"
EndProject
Global
	GlobalSection(SolutionConfigurationPlatforms) = preSolution
		Debug|Any CPU = Debug|Any CPU
		Release|Any CPU = Release|Any CPU
	EndGlobalSection
	GlobalSection(ProjectConfigurationPlatforms) = postSolution
		{F1E17271-F70D-AFF3-9A96-BDA7C5E0B2DE}.Debug|Any CPU.ActiveCfg = Debug|Any CPU
		{F1E17271-F70D-AFF3-9A96-BDA7C5E0B2DE}.Debug|Any CPU.Build.0 = Debug|Any CPU
		{F1E17271-F70D-AFF3-9A96-BDA7C5E0B2DE}.Release|Any CPU.ActiveCfg = Release|Any CPU
		{F1E17271-F70D-AFF3-9A96-BDA7C5E0B2DE}.Release|Any CPU.Build.0 = Release|Any CPU
		{5B580621-09B4-68CB-B5F4-5B9DD210A60F}.Debug|Any CPU.ActiveCfg = Debug|Any CPU
		{5B580621-09B4-68CB-B5F4-5B9DD210A60F}.Debug|Any CPU.Build.0 = Debug|Any CPU
		{5B580621-09B4-68CB-B5F4-5B9DD210A60F}.Release|Any CPU.ActiveCfg = Release|Any CPU
		{5B580621-09B4-68CB-B5F4-5B9DD210A60F}.Release|Any CPU.Build.0 = Release|Any CPU
		{DB3FC58F-DE4E-80D8-0FA1-09C24A0DE399}.Debug|Any CPU.ActiveCfg = Debug|Any CPU
		{DB3FC58F-DE4E-80D8-0FA1-09C24A0DE399}.Debug|Any CPU.Build.0 = Debug|Any CPU
		{DB3FC58F-DE4E-80D8-0FA1-09C24A0DE399}.Release|Any CPU.ActiveCfg = Release|Any CPU
		{DB3FC58F-DE4E-80D8-0FA1-09C24A0DE399}.Release|Any CPU.Build.0 = Release|Any CPU
		{46FB31FC-4910-BF53-61B4-0603ED3140EB}.Debug|Any CPU.ActiveCfg = Debug|Any CPU
		{46FB31FC-4910-BF53-61B4-0603ED3140EB}.Debug|Any CPU.Build.0 = Debug|Any CPU
		{46FB31FC-4910-BF53-61B4-0603ED3140EB}.Release|Any CPU.ActiveCfg = Release|Any CPU
		{46FB31FC-4910-BF53-61B4-0603ED3140EB}.Release|Any CPU.Build.0 = Release|Any CPU
		{3CC9D2C0-C461-07D9-EDF3-4FFB4DE5C299}.Debug|Any CPU.ActiveCfg = Debug|Any CPU
		{3CC9D2C0-C461-07D9-EDF3-4FFB4DE5C299}.Debug|Any CPU.Build.0 = Debug|Any CPU
		{3CC9D2C0-C461-07D9-EDF3-4FFB4DE5C299}.Release|Any CPU.ActiveCfg = Release|Any CPU
		{3CC9D2C0-C461-07D9-EDF3-4FFB4DE5C299}.Release|Any CPU.Build.0 = Release|Any CPU
	EndGlobalSection
	GlobalSection(SolutionProperties) = preSolution
		HideSolutionNode = FALSE
	EndGlobalSection
EndGlobal
