
Microsoft Visual Studio Solution File, Format Version 12.00
# Visual Studio 15
Project("{FAE04EC0-301F-11D3-BF4B-00C04F79EFBC}") = "HotUpdateScripts", "HotUpdateScripts.csproj", "{E461BAE8-B218-4AAE-8773-0C18C85110E4}"
EndProject
Global
	GlobalSection(SolutionConfigurationPlatforms) = preSolution
		Debug|anycpu = Debug|anycpu
		Release|anycpu = Release|anycpu
		Debug-Windows|Any CPU = Debug-Windows|Any CPU
		Release-Windows|Any CPU = Release-Windows|Any CPU
	EndGlobalSection
	GlobalSection(ProjectConfigurationPlatforms) = postSolution
		{E461BAE8-B218-4AAE-8773-0C18C85110E4}.Debug|anycpu.ActiveCfg = Debug|anycpu
		{E461BAE8-B218-4AAE-8773-0C18C85110E4}.Debug|anycpu.Build.0 = Debug|anycpu
		{E461BAE8-B218-4AAE-8773-0C18C85110E4}.Release|anycpu.ActiveCfg = Release|anycpu
		{E461BAE8-B218-4AAE-8773-0C18C85110E4}.Release|anycpu.Build.0 = Release|anycpu
		{E461BAE8-B218-4AAE-8773-0C18C85110E4}.Debug-Windows|Any CPU.ActiveCfg = Debug|anycpu
		{E461BAE8-B218-4AAE-8773-0C18C85110E4}.Debug-Windows|Any CPU.Build.0 = Debug|anycpu
		{E461BAE8-B218-4AAE-8773-0C18C85110E4}.Release-Windows|Any CPU.ActiveCfg = Debug|anycpu
		{E461BAE8-B218-4AAE-8773-0C18C85110E4}.Release-Windows|Any CPU.Build.0 = Debug|anycpu
	EndGlobalSection
	GlobalSection(MonoDevelopProperties) = preSolution
		outputpath = ../Assets/HotUpdateResources/Main/Dll/Hidden~
	EndGlobalSection
EndGlobal
