Microsoft Visual Studio Solution File, Format Version 12.00
# Visual Studio Version 16
VisualStudioVersion = 16.0.30320.27
MinimumVisualStudioVersion = 10.0.40219.1
Project("{FAE04EC0-301F-11D3-BF4B-00C04F79EFBC}") = "HotUpdateScripts", "HotUpdateScripts.csproj", "{E461BAE8-B218-4AAE-8773-0C18C85110E4}"
EndProject
Global
	GlobalSection(SolutionConfigurationPlatforms) = preSolution
		Debug|anycpu = Debug|anycpu
		Release|anycpu = Release|anycpu
	EndGlobalSection
	GlobalSection(ProjectConfigurationPlatforms) = postSolution
		{E461BAE8-B218-4AAE-8773-0C18C85110E4}.Debug|anycpu.ActiveCfg = Debug|Any CPU
		{E461BAE8-B218-4AAE-8773-0C18C85110E4}.Debug|anycpu.Build.0 = Debug|Any CPU
		{E461BAE8-B218-4AAE-8773-0C18C85110E4}.Release|anycpu.ActiveCfg = Release|Any CPU
		{E461BAE8-B218-4AAE-8773-0C18C85110E4}.Release|anycpu.Build.0 = Release|Any CPU
	EndGlobalSection
	GlobalSection(SolutionProperties) = preSolution
		HideSolutionNode = FALSE
	EndGlobalSection
	GlobalSection(ExtensibilityGlobals) = postSolution
		SolutionGuid = {1B561A8D-9694-422D-83DA-3EB5604747F1}
	EndGlobalSection
EndGlobal
