Microsoft Visual Studio Solution File, Format Version 12.00
# Visual Studio Version 16
VisualStudioVersion = 16.0.30104.148
MinimumVisualStudioVersion = 10.0.40219.1
Project("{FAE04EC0-301F-11D3-BF4B-00C04F79EFBC}") = "HotUpdateScripts", "HotUpdateScripts\HotUpdateScripts.csproj", "{E461BAE8-B218-4AAE-8773-0C18C85110E4}"
EndProject
Global
	GlobalSection(SolutionConfigurationPlatforms) = preSolution
		Debug|anycpu = Debug|anycpu
		Release|anycpu = Release|anycpu
	EndGlobalSection
	GlobalSection(ProjectConfigurationPlatforms) = postSolution
		{E461BAE8-B218-4AAE-8773-0C18C85110E4}.Debug|anycpu.ActiveCfg = Debug|Any CPU
		{E461BAE8-B218-4AAE-8773-0C18C85110E4}.Debug|anycpu.Build.0 = Debug|Any CPU
		{E461BAE8-B218-4AAE-8773-0C18C85110E4}.Release|anycpu.ActiveCfg = Release|Any CPU
		{E461BAE8-B218-4AAE-8773-0C18C85110E4}.Release|anycpu.Build.0 = Release|Any CPU
	EndGlobalSection
	GlobalSection(SolutionProperties) = preSolution
		HideSolutionNode = FALSE
	EndGlobalSection
	GlobalSection(ExtensibilityGlobals) = postSolution
		SolutionGuid = {BB7233AF-9EFA-4DAC-B014-537AB5D2DD0A}
	EndGlobalSection
	GlobalSection(MonoDevelopProperties) = preSolution
		Policies = $0
		$0.DotNetNamingPolicy = $1
		$1.DirectoryNamespaceAssociation = PrefixedHierarchical
		$0.VersionControlPolicy = $2
		$0.StandardHeader = $3
		description = JEngine
		outputpath = ../Assets/HotUpdateResources/Dll
	EndGlobalSection
EndGlobal
